// !$*UTF8*$!
{
	archiveVersion = 1;
	classes = {
	};
	objectVersion = 46;
	objects = {

/* Begin PBXBuildFile section */
		E196C53115E2AD3200059BF2 /* main.cpp in Sources */ = {isa = PBXBuildFile; fileRef = E196C53015E2AD3200059BF2 /* main.cpp */; };
		E196C53C15E2B21B00059BF2 /* nidaqmxbase.framework in Frameworks */ = {isa = PBXBuildFile; fileRef = E196C53915E2B19200059BF2 /* nidaqmxbase.framework */; };
		E196C53E15E2B59800059BF2 /* nidaqmxbaselv.framework in Frameworks */ = {isa = PBXBuildFile; fileRef = E196C53D15E2B59800059BF2 /* nidaqmxbaselv.framework */; };
		E196C54515E2BF7000059BF2 /* NIDAQDevice.cpp in Sources */ = {isa = PBXBuildFile; fileRef = E196C54315E2BF7000059BF2 /* NIDAQDevice.cpp */; };
		E196C54915E2C13200059BF2 /* NIDAQError.cpp in Sources */ = {isa = PBXBuildFile; fileRef = E196C54715E2C13200059BF2 /* NIDAQError.cpp */; };
		E1B3C56115E3DFFA000B0F8E /* NIDAQTask.cpp in Sources */ = {isa = PBXBuildFile; fileRef = E1B3C55F15E3DFFA000B0F8E /* NIDAQTask.cpp */; };
/* End PBXBuildFile section */

/* Begin PBXCopyFilesBuildPhase section */
		E196C52A15E2AD3200059BF2 /* CopyFiles */ = {
			isa = PBXCopyFilesBuildPhase;
			buildActionMask = 2147483647;
			dstPath = /usr/share/man/man1/;
			dstSubfolderSpec = 0;
			files = (
			);
			runOnlyForDeploymentPostprocessing = 1;
		};
/* End PBXCopyFilesBuildPhase section */

/* Begin PBXFileReference section */
		E196C52C15E2AD3200059BF2 /* nidaqtest */ = {isa = PBXFileReference; explicitFileType = "compiled.mach-o.executable"; includeInIndex = 0; path = nidaqtest; sourceTree = BUILT_PRODUCTS_DIR; };
		E196C53015E2AD3200059BF2 /* main.cpp */ = {isa = PBXFileReference; lastKnownFileType = sourcecode.cpp.cpp; path = main.cpp; sourceTree = "<group>"; };
		E196C53915E2B19200059BF2 /* nidaqmxbase.framework */ = {isa = PBXFileReference; lastKnownFileType = wrapper.framework; name = nidaqmxbase.framework; path = /Library/Frameworks/nidaqmxbase.framework; sourceTree = "<absolute>"; };
		E196C53D15E2B59800059BF2 /* nidaqmxbaselv.framework */ = {isa = PBXFileReference; lastKnownFileType = wrapper.framework; name = nidaqmxbaselv.framework; path = /Library/Frameworks/nidaqmxbaselv.framework; sourceTree = "<absolute>"; };
		E196C54315E2BF7000059BF2 /* NIDAQDevice.cpp */ = {isa = PBXFileReference; fileEncoding = 4; lastKnownFileType = sourcecode.cpp.cpp; path = NIDAQDevice.cpp; sourceTree = "<group>"; };
		E196C54415E2BF7000059BF2 /* NIDAQDevice.h */ = {isa = PBXFileReference; fileEncoding = 4; lastKnownFileType = sourcecode.c.h; path = NIDAQDevice.h; sourceTree = "<group>"; };
		E196C54715E2C13200059BF2 /* NIDAQError.cpp */ = {isa = PBXFileReference; fileEncoding = 4; lastKnownFileType = sourcecode.cpp.cpp; path = NIDAQError.cpp; sourceTree = "<group>"; };
		E196C54815E2C13200059BF2 /* NIDAQError.h */ = {isa = PBXFileReference; fileEncoding = 4; lastKnownFileType = sourcecode.c.h; path = NIDAQError.h; sourceTree = "<group>"; };
		E1B3C55F15E3DFFA000B0F8E /* NIDAQTask.cpp */ = {isa = PBXFileReference; fileEncoding = 4; lastKnownFileType = sourcecode.cpp.cpp; path = NIDAQTask.cpp; sourceTree = "<group>"; };
		E1B3C56015E3DFFA000B0F8E /* NIDAQTask.h */ = {isa = PBXFileReference; fileEncoding = 4; lastKnownFileType = sourcecode.c.h; path = NIDAQTask.h; sourceTree = "<group>"; };
/* End PBXFileReference section */

/* Begin PBXFrameworksBuildPhase section */
		E196C52915E2AD3200059BF2 /* Frameworks */ = {
			isa = PBXFrameworksBuildPhase;
			buildActionMask = 2147483647;
			files = (
				E196C53C15E2B21B00059BF2 /* nidaqmxbase.framework in Frameworks */,
				E196C53E15E2B59800059BF2 /* nidaqmxbaselv.framework in Frameworks */,
			);
			runOnlyForDeploymentPostprocessing = 0;
		};
/* End PBXFrameworksBuildPhase section */

/* Begin PBXGroup section */
		E196C52115E2AD3200059BF2 = {
			isa = PBXGroup;
			children = (
				E196C52F15E2AD3200059BF2 /* nidaqtest */,
				E196C53B15E2B1FE00059BF2 /* Frameworks */,
				E196C52D15E2AD3200059BF2 /* Products */,
			);
			sourceTree = "<group>";
		};
		E196C52D15E2AD3200059BF2 /* Products */ = {
			isa = PBXGroup;
			children = (
				E196C52C15E2AD3200059BF2 /* nidaqtest */,
			);
			name = Products;
			sourceTree = "<group>";
		};
		E196C52F15E2AD3200059BF2 /* nidaqtest */ = {
			isa = PBXGroup;
			children = (
				E196C54815E2C13200059BF2 /* NIDAQError.h */,
				E196C54715E2C13200059BF2 /* NIDAQError.cpp */,
				E196C54415E2BF7000059BF2 /* NIDAQDevice.h */,
				E196C54315E2BF7000059BF2 /* NIDAQDevice.cpp */,
				E1B3C56015E3DFFA000B0F8E /* NIDAQTask.h */,
				E1B3C55F15E3DFFA000B0F8E /* NIDAQTask.cpp */,
				E196C53015E2AD3200059BF2 /* main.cpp */,
			);
			path = nidaqtest;
			sourceTree = "<group>";
		};
		E196C53B15E2B1FE00059BF2 /* Frameworks */ = {
			isa = PBXGroup;
			children = (
				E196C53915E2B19200059BF2 /* nidaqmxbase.framework */,
				E196C53D15E2B59800059BF2 /* nidaqmxbaselv.framework */,
			);
			name = Frameworks;
			sourceTree = "<group>";
		};
/* End PBXGroup section */

/* Begin PBXNativeTarget section */
		E196C52B15E2AD3200059BF2 /* nidaqtest */ = {
			isa = PBXNativeTarget;
			buildConfigurationList = E196C53615E2AD3200059BF2 /* Build configuration list for PBXNativeTarget "nidaqtest" */;
			buildPhases = (
				E196C52815E2AD3200059BF2 /* Sources */,
				E196C52915E2AD3200059BF2 /* Frameworks */,
				E196C52A15E2AD3200059BF2 /* CopyFiles */,
			);
			buildRules = (
			);
			dependencies = (
			);
			name = nidaqtest;
			productName = nidaqtest;
			productReference = E196C52C15E2AD3200059BF2 /* nidaqtest */;
			productType = "com.apple.product-type.tool";
		};
/* End PBXNativeTarget section */

/* Begin PBXProject section */
		E196C52315E2AD3200059BF2 /* Project object */ = {
			isa = PBXProject;
			attributes = {
				LastUpgradeCheck = 0440;
				ORGANIZATIONNAME = MIT;
			};
			buildConfigurationList = E196C52615E2AD3200059BF2 /* Build configuration list for PBXProject "nidaqtest" */;
			compatibilityVersion = "Xcode 3.2";
			developmentRegion = English;
			hasScannedForEncodings = 0;
			knownRegions = (
				en,
			);
			mainGroup = E196C52115E2AD3200059BF2;
			productRefGroup = E196C52D15E2AD3200059BF2 /* Products */;
			projectDirPath = "";
			projectRoot = "";
			targets = (
				E196C52B15E2AD3200059BF2 /* nidaqtest */,
			);
		};
/* End PBXProject section */

/* Begin PBXSourcesBuildPhase section */
		E196C52815E2AD3200059BF2 /* Sources */ = {
			isa = PBXSourcesBuildPhase;
			buildActionMask = 2147483647;
			files = (
				E196C53115E2AD3200059BF2 /* main.cpp in Sources */,
				E196C54515E2BF7000059BF2 /* NIDAQDevice.cpp in Sources */,
				E196C54915E2C13200059BF2 /* NIDAQError.cpp in Sources */,
				E1B3C56115E3DFFA000B0F8E /* NIDAQTask.cpp in Sources */,
			);
			runOnlyForDeploymentPostprocessing = 0;
		};
/* End PBXSourcesBuildPhase section */

/* Begin XCBuildConfiguration section */
		E196C53415E2AD3200059BF2 /* Debug */ = {
			isa = XCBuildConfiguration;
			buildSettings = {
				ALWAYS_SEARCH_USER_PATHS = NO;
				ARCHS = "$(ARCHS_STANDARD_32_BIT)";
				CLANG_CXX_LANGUAGE_STANDARD = "gnu++0x";
				CLANG_WARN__DUPLICATE_METHOD_MATCH = YES;
				COPY_PHASE_STRIP = NO;
				FRAMEWORK_SEARCH_PATHS = /Library/Frameworks;
				GCC_C_LANGUAGE_STANDARD = gnu99;
				GCC_DYNAMIC_NO_PIC = NO;
				GCC_ENABLE_OBJC_EXCEPTIONS = YES;
				GCC_OPTIMIZATION_LEVEL = 0;
				GCC_PREPROCESSOR_DEFINITIONS = (
					"DEBUG=1",
					"$(inherited)",
				);
				GCC_SYMBOLS_PRIVATE_EXTERN = NO;
				GCC_WARN_64_TO_32_BIT_CONVERSION = YES;
				GCC_WARN_ABOUT_RETURN_TYPE = YES;
				GCC_WARN_UNINITIALIZED_AUTOS = YES;
				GCC_WARN_UNUSED_VARIABLE = YES;
				HEADER_SEARCH_PATHS = (
					"\"/Applications/National Instruments/NI-DAQmx Base/includes\"",
					"\"/Library/Application Support/MWorks/Developer/include\"",
				);
				MACOSX_DEPLOYMENT_TARGET = 10.7;
				SDKROOT = macosx10.7;
			};
			name = Debug;
		};
		E196C53515E2AD3200059BF2 /* Release */ = {
			isa = XCBuildConfiguration;
			buildSettings = {
				ALWAYS_SEARCH_USER_PATHS = NO;
				ARCHS = "$(ARCHS_STANDARD_32_BIT)";
				CLANG_CXX_LANGUAGE_STANDARD = "gnu++0x";
				CLANG_WARN__DUPLICATE_METHOD_MATCH = YES;
				COPY_PHASE_STRIP = YES;
				DEBUG_INFORMATION_FORMAT = "dwarf-with-dsym";
				FRAMEWORK_SEARCH_PATHS = /Library/Frameworks;
				GCC_C_LANGUAGE_STANDARD = gnu99;
				GCC_ENABLE_OBJC_EXCEPTIONS = YES;
				GCC_WARN_64_TO_32_BIT_CONVERSION = YES;
				GCC_WARN_ABOUT_RETURN_TYPE = YES;
				GCC_WARN_UNINITIALIZED_AUTOS = YES;
				GCC_WARN_UNUSED_VARIABLE = YES;
				HEADER_SEARCH_PATHS = (
					"\"/Applications/National Instruments/NI-DAQmx Base/includes\"",
					"\"/Library/Application Support/MWorks/Developer/include\"",
				);
				MACOSX_DEPLOYMENT_TARGET = 10.7;
				SDKROOT = macosx10.7;
			};
			name = Release;
		};
		E196C53715E2AD3200059BF2 /* Debug */ = {
			isa = XCBuildConfiguration;
			buildSettings = {
				PRODUCT_NAME = "$(TARGET_NAME)";
			};
			name = Debug;
		};
		E196C53815E2AD3200059BF2 /* Release */ = {
			isa = XCBuildConfiguration;
			buildSettings = {
				PRODUCT_NAME = "$(TARGET_NAME)";
			};
			name = Release;
		};
/* End XCBuildConfiguration section */

/* Begin XCConfigurationList section */
		E196C52615E2AD3200059BF2 /* Build configuration list for PBXProject "nidaqtest" */ = {
			isa = XCConfigurationList;
			buildConfigurations = (
				E196C53415E2AD3200059BF2 /* Debug */,
				E196C53515E2AD3200059BF2 /* Release */,
			);
			defaultConfigurationIsVisible = 0;
			defaultConfigurationName = Release;
		};
		E196C53615E2AD3200059BF2 /* Build configuration list for PBXNativeTarget "nidaqtest" */ = {
			isa = XCConfigurationList;
			buildConfigurations = (
				E196C53715E2AD3200059BF2 /* Debug */,
				E196C53815E2AD3200059BF2 /* Release */,
			);
			defaultConfigurationIsVisible = 0;
			defaultConfigurationName = Release;
		};
/* End XCConfigurationList section */
	};
	rootObject = E196C52315E2AD3200059BF2 /* Project object */;
}
