// !$*UTF8*$!
{
	archiveVersion = 1;
	classes = {
	};
	objectVersion = 46;
	objects = {

/* Begin PBXAggregateTarget section */
		E1690E7815E689CF007DFCEF /* Everything */ = {
			isa = PBXAggregateTarget;
			buildConfigurationList = E1690E7A15E689CF007DFCEF /* Build configuration list for PBXAggregateTarget "Everything" */;
			buildPhases = (
			);
			dependencies = (
				E1690E8B15E69691007DFCEF /* PBXTargetDependency */,
			);
			name = Everything;
			productName = Everything;
		};
		E1690E8315E69665007DFCEF /* Install NIDAQPlugin */ = {
			isa = PBXAggregateTarget;
			buildConfigurationList = E1690E8415E69665007DFCEF /* Build configuration list for PBXAggregateTarget "Install NIDAQPlugin" */;
			buildPhases = (
				E1690E8815E69678007DFCEF /* CopyFiles */,
			);
			dependencies = (
				E1690E8715E69673007DFCEF /* PBXTargetDependency */,
			);
			name = "Install NIDAQPlugin";
			productName = "Install NIDAQPlugin";
		};
/* End PBXAggregateTarget section */

/* Begin PBXBuildFile section */
		E105A22015E6835A007F9F38 /* InfoPlist.strings in Resources */ = {isa = PBXBuildFile; fileRef = E105A21E15E6835A007F9F38 /* InfoPlist.strings */; };
		E105A22515E685AA007F9F38 /* MWorksCore.framework in Frameworks */ = {isa = PBXBuildFile; fileRef = E105A22415E68597007F9F38 /* MWorksCore.framework */; };
		E13DEB6515F7DCA600AC7480 /* NIDAQAnalogChannel.cpp in Sources */ = {isa = PBXBuildFile; fileRef = E13DEB6315F7DCA600AC7480 /* NIDAQAnalogChannel.cpp */; };
		E157464015F4F6D20014089E /* NIDAQAnalogInputVoltageChannel.cpp in Sources */ = {isa = PBXBuildFile; fileRef = E157463E15F4F6D20014089E /* NIDAQAnalogInputVoltageChannel.cpp */; };
		E157464515F4F9010014089E /* NIDAQAnalogInputChannel.cpp in Sources */ = {isa = PBXBuildFile; fileRef = E157464315F4F9010014089E /* NIDAQAnalogInputChannel.cpp */; };
		E1690E8915E69688007DFCEF /* NIDAQPlugin.bundle in CopyFiles */ = {isa = PBXBuildFile; fileRef = E105A21815E6835A007F9F38 /* NIDAQPlugin.bundle */; };
		E1690E8E15E69851007DFCEF /* NIDAQPlugin.cpp in Sources */ = {isa = PBXBuildFile; fileRef = E1690E8C15E69851007DFCEF /* NIDAQPlugin.cpp */; };
		E1690E9915E6ADD4007DFCEF /* NIDAQDevice.cpp in Sources */ = {isa = PBXBuildFile; fileRef = E1690E9715E6ADD4007DFCEF /* NIDAQDevice.cpp */; };
		E179EE5B15E7D71400CC1BED /* main.cpp in Sources */ = {isa = PBXBuildFile; fileRef = E179EE5A15E7D71400CC1BED /* main.cpp */; };
		E179EE6715E7D8CC00CC1BED /* nidaqmxbase.framework in Frameworks */ = {isa = PBXBuildFile; fileRef = E196C53915E2B19200059BF2 /* nidaqmxbase.framework */; };
		E179EE6815E7D8CE00CC1BED /* nidaqmxbaselv.framework in Frameworks */ = {isa = PBXBuildFile; fileRef = E196C53D15E2B59800059BF2 /* nidaqmxbaselv.framework */; };
		E179EE7815E7DAFA00CC1BED /* MWNIDAQPluginHelper in CopyFiles */ = {isa = PBXBuildFile; fileRef = E179EE5715E7D71400CC1BED /* MWNIDAQPluginHelper */; };
		E196C53115E2AD3200059BF2 /* main.cpp in Sources */ = {isa = PBXBuildFile; fileRef = E196C53015E2AD3200059BF2 /* main.cpp */; };
		E196C53C15E2B21B00059BF2 /* nidaqmxbase.framework in Frameworks */ = {isa = PBXBuildFile; fileRef = E196C53915E2B19200059BF2 /* nidaqmxbase.framework */; };
		E196C53E15E2B59800059BF2 /* nidaqmxbaselv.framework in Frameworks */ = {isa = PBXBuildFile; fileRef = E196C53D15E2B59800059BF2 /* nidaqmxbaselv.framework */; };
		E1A7226C15EE606B006671AD /* libcrypto.dylib in Frameworks */ = {isa = PBXBuildFile; fileRef = E1A7226B15EE606B006671AD /* libcrypto.dylib */; };
		E1A7227515EEA72C006671AD /* NIDAQPluginHelper.cpp in Sources */ = {isa = PBXBuildFile; fileRef = E1A7227315EEA72C006671AD /* NIDAQPluginHelper.cpp */; };
		E1CA0DDE15EBCB0700EB6B60 /* Device.cpp in Sources */ = {isa = PBXBuildFile; fileRef = E196C54315E2BF7000059BF2 /* Device.cpp */; };
		E1CA0DDF15EBCB0800EB6B60 /* Error.cpp in Sources */ = {isa = PBXBuildFile; fileRef = E196C54715E2C13200059BF2 /* Error.cpp */; };
		E1CA0DE015EBCB0E00EB6B60 /* Task.cpp in Sources */ = {isa = PBXBuildFile; fileRef = E1B3C55F15E3DFFA000B0F8E /* Task.cpp */; };
		E1CA0DE115EBCB1100EB6B60 /* AnalogOutputTask.cpp in Sources */ = {isa = PBXBuildFile; fileRef = E1B3C56415E42252000B0F8E /* AnalogOutputTask.cpp */; };
		E1CA0DE215EBCB1300EB6B60 /* AnalogInputTask.cpp in Sources */ = {isa = PBXBuildFile; fileRef = E183169415E540770028F623 /* AnalogInputTask.cpp */; };
		E1CA0DE315EBCB5300EB6B60 /* libnidaqapi.a in Frameworks */ = {isa = PBXBuildFile; fileRef = E1CA0DDB15EBCA7200EB6B60 /* libnidaqapi.a */; };
		E1CA0DE415EBCBE800EB6B60 /* libnidaqapi.a in Frameworks */ = {isa = PBXBuildFile; fileRef = E1CA0DDB15EBCA7200EB6B60 /* libnidaqapi.a */; };
/* End PBXBuildFile section */

/* Begin PBXContainerItemProxy section */
		E13DEB6B15F7E78900AC7480 /* PBXContainerItemProxy */ = {
			isa = PBXContainerItemProxy;
			containerPortal = E196C52315E2AD3200059BF2 /* Project object */;
			proxyType = 1;
			remoteGlobalIDString = E1CA0DDA15EBCA7200EB6B60;
			remoteInfo = nidaqapi;
		};
		E13DEB6E15F7E78F00AC7480 /* PBXContainerItemProxy */ = {
			isa = PBXContainerItemProxy;
			containerPortal = E196C52315E2AD3200059BF2 /* Project object */;
			proxyType = 1;
			remoteGlobalIDString = E1CA0DDA15EBCA7200EB6B60;
			remoteInfo = nidaqapi;
		};
		E1690E8615E69673007DFCEF /* PBXContainerItemProxy */ = {
			isa = PBXContainerItemProxy;
			containerPortal = E196C52315E2AD3200059BF2 /* Project object */;
			proxyType = 1;
			remoteGlobalIDString = E105A21715E6835A007F9F38;
			remoteInfo = NIDAQPlugin;
		};
		E1690E8A15E69691007DFCEF /* PBXContainerItemProxy */ = {
			isa = PBXContainerItemProxy;
			containerPortal = E196C52315E2AD3200059BF2 /* Project object */;
			proxyType = 1;
			remoteGlobalIDString = E1690E8315E69665007DFCEF;
			remoteInfo = "Install NIDAQPlugin";
		};
		E179EE7915E7DB6100CC1BED /* PBXContainerItemProxy */ = {
			isa = PBXContainerItemProxy;
			containerPortal = E196C52315E2AD3200059BF2 /* Project object */;
			proxyType = 1;
			remoteGlobalIDString = E179EE5615E7D71400CC1BED;
			remoteInfo = nidaqpluginhelper;
		};
/* End PBXContainerItemProxy section */

/* Begin PBXCopyFilesBuildPhase section */
		E1690E8815E69678007DFCEF /* CopyFiles */ = {
			isa = PBXCopyFilesBuildPhase;
			buildActionMask = 2147483647;
			dstPath = "$(PLUGINS_DIR)";
			dstSubfolderSpec = 0;
			files = (
				E1690E8915E69688007DFCEF /* NIDAQPlugin.bundle in CopyFiles */,
			);
			runOnlyForDeploymentPostprocessing = 0;
		};
		E179EE7615E7DAEC00CC1BED /* CopyFiles */ = {
			isa = PBXCopyFilesBuildPhase;
			buildActionMask = 2147483647;
			dstPath = Contents/Helpers;
			dstSubfolderSpec = 1;
			files = (
				E179EE7815E7DAFA00CC1BED /* MWNIDAQPluginHelper in CopyFiles */,
			);
			runOnlyForDeploymentPostprocessing = 0;
		};
/* End PBXCopyFilesBuildPhase section */

/* Begin PBXFileReference section */
		E105A21215E67FEB007F9F38 /* Development.xcconfig */ = {isa = PBXFileReference; lastKnownFileType = text.xcconfig; path = Development.xcconfig; sourceTree = "<group>"; };
		E105A21315E67FEB007F9F38 /* WARNING.txt */ = {isa = PBXFileReference; lastKnownFileType = text; path = WARNING.txt; sourceTree = "<group>"; };
		E105A21815E6835A007F9F38 /* NIDAQPlugin.bundle */ = {isa = PBXFileReference; explicitFileType = wrapper.cfbundle; includeInIndex = 0; path = NIDAQPlugin.bundle; sourceTree = BUILT_PRODUCTS_DIR; };
		E105A21D15E6835A007F9F38 /* NIDAQPlugin-Info.plist */ = {isa = PBXFileReference; lastKnownFileType = text.plist.xml; path = "NIDAQPlugin-Info.plist"; sourceTree = "<group>"; };
		E105A21F15E6835A007F9F38 /* en */ = {isa = PBXFileReference; lastKnownFileType = text.plist.strings; name = en; path = en.lproj/InfoPlist.strings; sourceTree = "<group>"; };
		E105A22415E68597007F9F38 /* MWorksCore.framework */ = {isa = PBXFileReference; lastKnownFileType = wrapper.framework; name = MWorksCore.framework; path = /Library/Frameworks/MWorksCore.framework; sourceTree = "<absolute>"; };
		E13DEB6215F7BB2100AC7480 /* HelperSharedMemory.h */ = {isa = PBXFileReference; lastKnownFileType = sourcecode.c.h; path = HelperSharedMemory.h; sourceTree = "<group>"; };
		E13DEB6315F7DCA600AC7480 /* NIDAQAnalogChannel.cpp */ = {isa = PBXFileReference; fileEncoding = 4; lastKnownFileType = sourcecode.cpp.cpp; path = NIDAQAnalogChannel.cpp; sourceTree = "<group>"; };
		E13DEB6415F7DCA600AC7480 /* NIDAQAnalogChannel.h */ = {isa = PBXFileReference; fileEncoding = 4; lastKnownFileType = sourcecode.c.h; path = NIDAQAnalogChannel.h; sourceTree = "<group>"; };
		E157463E15F4F6D20014089E /* NIDAQAnalogInputVoltageChannel.cpp */ = {isa = PBXFileReference; fileEncoding = 4; lastKnownFileType = sourcecode.cpp.cpp; path = NIDAQAnalogInputVoltageChannel.cpp; sourceTree = "<group>"; };
		E157463F15F4F6D20014089E /* NIDAQAnalogInputVoltageChannel.h */ = {isa = PBXFileReference; fileEncoding = 4; lastKnownFileType = sourcecode.c.h; path = NIDAQAnalogInputVoltageChannel.h; sourceTree = "<group>"; };
		E157464315F4F9010014089E /* NIDAQAnalogInputChannel.cpp */ = {isa = PBXFileReference; fileEncoding = 4; lastKnownFileType = sourcecode.cpp.cpp; path = NIDAQAnalogInputChannel.cpp; sourceTree = "<group>"; };
		E157464415F4F9010014089E /* NIDAQAnalogInputChannel.h */ = {isa = PBXFileReference; fileEncoding = 4; lastKnownFileType = sourcecode.c.h; path = NIDAQAnalogInputChannel.h; sourceTree = "<group>"; };
		E157464615F50AAE0014089E /* NIDAQPluginHelperError.h */ = {isa = PBXFileReference; lastKnownFileType = sourcecode.c.h; path = NIDAQPluginHelperError.h; sourceTree = "<group>"; };
		E1690E8C15E69851007DFCEF /* NIDAQPlugin.cpp */ = {isa = PBXFileReference; fileEncoding = 4; lastKnownFileType = sourcecode.cpp.cpp; path = NIDAQPlugin.cpp; sourceTree = "<group>"; };
		E1690E9715E6ADD4007DFCEF /* NIDAQDevice.cpp */ = {isa = PBXFileReference; fileEncoding = 4; lastKnownFileType = sourcecode.cpp.cpp; path = NIDAQDevice.cpp; sourceTree = "<group>"; };
		E1690E9815E6ADD4007DFCEF /* NIDAQDevice.h */ = {isa = PBXFileReference; fileEncoding = 4; lastKnownFileType = sourcecode.c.h; path = NIDAQDevice.h; sourceTree = "<group>"; };
		E1690EAD15E6B71D007DFCEF /* NIDAQPlugin-Prefix.pch */ = {isa = PBXFileReference; fileEncoding = 4; lastKnownFileType = sourcecode.c.h; path = "NIDAQPlugin-Prefix.pch"; sourceTree = "<group>"; };
		E169B0B215ED50E700408B75 /* IPCRequestResponse.h */ = {isa = PBXFileReference; lastKnownFileType = sourcecode.c.h; path = IPCRequestResponse.h; sourceTree = "<group>"; };
		E179EE5715E7D71400CC1BED /* MWNIDAQPluginHelper */ = {isa = PBXFileReference; explicitFileType = "compiled.mach-o.executable"; includeInIndex = 0; path = MWNIDAQPluginHelper; sourceTree = BUILT_PRODUCTS_DIR; };
		E179EE5A15E7D71400CC1BED /* main.cpp */ = {isa = PBXFileReference; lastKnownFileType = sourcecode.cpp.cpp; path = main.cpp; sourceTree = "<group>"; };
		E183169015E51F940028F623 /* Types.h */ = {isa = PBXFileReference; lastKnownFileType = sourcecode.c.h; path = Types.h; sourceTree = "<group>"; };
		E183169415E540770028F623 /* AnalogInputTask.cpp */ = {isa = PBXFileReference; fileEncoding = 4; lastKnownFileType = sourcecode.cpp.cpp; path = AnalogInputTask.cpp; sourceTree = "<group>"; };
		E183169515E540770028F623 /* AnalogInputTask.h */ = {isa = PBXFileReference; fileEncoding = 4; lastKnownFileType = sourcecode.c.h; path = AnalogInputTask.h; sourceTree = "<group>"; };
		E196C52C15E2AD3200059BF2 /* nidaqtest */ = {isa = PBXFileReference; explicitFileType = "compiled.mach-o.executable"; includeInIndex = 0; path = nidaqtest; sourceTree = BUILT_PRODUCTS_DIR; };
		E196C53015E2AD3200059BF2 /* main.cpp */ = {isa = PBXFileReference; lastKnownFileType = sourcecode.cpp.cpp; path = main.cpp; sourceTree = "<group>"; };
		E196C53915E2B19200059BF2 /* nidaqmxbase.framework */ = {isa = PBXFileReference; lastKnownFileType = wrapper.framework; name = nidaqmxbase.framework; path = /Library/Frameworks/nidaqmxbase.framework; sourceTree = "<absolute>"; };
		E196C53D15E2B59800059BF2 /* nidaqmxbaselv.framework */ = {isa = PBXFileReference; lastKnownFileType = wrapper.framework; name = nidaqmxbaselv.framework; path = /Library/Frameworks/nidaqmxbaselv.framework; sourceTree = "<absolute>"; };
		E196C54315E2BF7000059BF2 /* Device.cpp */ = {isa = PBXFileReference; fileEncoding = 4; lastKnownFileType = sourcecode.cpp.cpp; path = Device.cpp; sourceTree = "<group>"; };
		E196C54415E2BF7000059BF2 /* Device.h */ = {isa = PBXFileReference; fileEncoding = 4; lastKnownFileType = sourcecode.c.h; path = Device.h; sourceTree = "<group>"; };
		E196C54715E2C13200059BF2 /* Error.cpp */ = {isa = PBXFileReference; fileEncoding = 4; lastKnownFileType = sourcecode.cpp.cpp; path = Error.cpp; sourceTree = "<group>"; };
		E196C54815E2C13200059BF2 /* Error.h */ = {isa = PBXFileReference; fileEncoding = 4; lastKnownFileType = sourcecode.c.h; path = Error.h; sourceTree = "<group>"; };
		E1A7226915EE4BD6006671AD /* HelperControlMessage.h */ = {isa = PBXFileReference; lastKnownFileType = sourcecode.c.h; path = HelperControlMessage.h; sourceTree = "<group>"; };
		E1A7226B15EE606B006671AD /* libcrypto.dylib */ = {isa = PBXFileReference; lastKnownFileType = "compiled.mach-o.dylib"; name = libcrypto.dylib; path = /usr/lib/libcrypto.dylib; sourceTree = "<absolute>"; };
		E1A7227315EEA72C006671AD /* NIDAQPluginHelper.cpp */ = {isa = PBXFileReference; fileEncoding = 4; lastKnownFileType = sourcecode.cpp.cpp; path = NIDAQPluginHelper.cpp; sourceTree = "<group>"; };
		E1A7227415EEA72C006671AD /* NIDAQPluginHelper.h */ = {isa = PBXFileReference; fileEncoding = 4; lastKnownFileType = sourcecode.c.h; path = NIDAQPluginHelper.h; sourceTree = "<group>"; };
		E1B3C55F15E3DFFA000B0F8E /* Task.cpp */ = {isa = PBXFileReference; fileEncoding = 4; lastKnownFileType = sourcecode.cpp.cpp; path = Task.cpp; sourceTree = "<group>"; };
		E1B3C56015E3DFFA000B0F8E /* Task.h */ = {isa = PBXFileReference; fileEncoding = 4; lastKnownFileType = sourcecode.c.h; path = Task.h; sourceTree = "<group>"; };
		E1B3C56315E40FED000B0F8E /* NIDAQmxBaseAPI.h */ = {isa = PBXFileReference; lastKnownFileType = sourcecode.c.h; path = NIDAQmxBaseAPI.h; sourceTree = "<group>"; };
		E1B3C56415E42252000B0F8E /* AnalogOutputTask.cpp */ = {isa = PBXFileReference; fileEncoding = 4; lastKnownFileType = sourcecode.cpp.cpp; path = AnalogOutputTask.cpp; sourceTree = "<group>"; };
		E1B3C56515E42252000B0F8E /* AnalogOutputTask.h */ = {isa = PBXFileReference; fileEncoding = 4; lastKnownFileType = sourcecode.c.h; path = AnalogOutputTask.h; sourceTree = "<group>"; };
		E1CA0DD615EBC89B00EB6B60 /* nidaqpluginhelper-Prefix.pch */ = {isa = PBXFileReference; lastKnownFileType = sourcecode.c.h; path = "nidaqpluginhelper-Prefix.pch"; sourceTree = "<group>"; };
		E1CA0DDB15EBCA7200EB6B60 /* libnidaqapi.a */ = {isa = PBXFileReference; explicitFileType = archive.ar; includeInIndex = 0; path = libnidaqapi.a; sourceTree = BUILT_PRODUCTS_DIR; };
/* End PBXFileReference section */

/* Begin PBXFrameworksBuildPhase section */
		E105A21515E6835A007F9F38 /* Frameworks */ = {
			isa = PBXFrameworksBuildPhase;
			buildActionMask = 2147483647;
			files = (
				E105A22515E685AA007F9F38 /* MWorksCore.framework in Frameworks */,
				E1A7226C15EE606B006671AD /* libcrypto.dylib in Frameworks */,
			);
			runOnlyForDeploymentPostprocessing = 0;
		};
		E179EE5415E7D71400CC1BED /* Frameworks */ = {
			isa = PBXFrameworksBuildPhase;
			buildActionMask = 2147483647;
			files = (
				E1CA0DE415EBCBE800EB6B60 /* libnidaqapi.a in Frameworks */,
				E179EE6715E7D8CC00CC1BED /* nidaqmxbase.framework in Frameworks */,
				E179EE6815E7D8CE00CC1BED /* nidaqmxbaselv.framework in Frameworks */,
			);
			runOnlyForDeploymentPostprocessing = 0;
		};
		E196C52915E2AD3200059BF2 /* Frameworks */ = {
			isa = PBXFrameworksBuildPhase;
			buildActionMask = 2147483647;
			files = (
				E1CA0DE315EBCB5300EB6B60 /* libnidaqapi.a in Frameworks */,
				E196C53C15E2B21B00059BF2 /* nidaqmxbase.framework in Frameworks */,
				E196C53E15E2B59800059BF2 /* nidaqmxbaselv.framework in Frameworks */,
			);
			runOnlyForDeploymentPostprocessing = 0;
		};
		E1CA0DD815EBCA7200EB6B60 /* Frameworks */ = {
			isa = PBXFrameworksBuildPhase;
			buildActionMask = 2147483647;
			files = (
			);
			runOnlyForDeploymentPostprocessing = 0;
		};
/* End PBXFrameworksBuildPhase section */

/* Begin PBXGroup section */
		E105A21115E67F73007F9F38 /* External Config */ = {
			isa = PBXGroup;
			children = (
				E105A21215E67FEB007F9F38 /* Development.xcconfig */,
				E105A21315E67FEB007F9F38 /* WARNING.txt */,
			);
			name = "External Config";
			path = "/Library/Application Support/MWorks/Developer/Xcode";
			sourceTree = "<absolute>";
		};
		E105A21B15E6835A007F9F38 /* NIDAQPlugin */ = {
			isa = PBXGroup;
			children = (
				E157464215F4F8210014089E /* Channels */,
				E1690E9815E6ADD4007DFCEF /* NIDAQDevice.h */,
				E1690E9715E6ADD4007DFCEF /* NIDAQDevice.cpp */,
				E1690E8C15E69851007DFCEF /* NIDAQPlugin.cpp */,
				E105A21C15E6835A007F9F38 /* Supporting Files */,
			);
			path = NIDAQPlugin;
			sourceTree = "<group>";
		};
		E105A21C15E6835A007F9F38 /* Supporting Files */ = {
			isa = PBXGroup;
			children = (
				E105A21D15E6835A007F9F38 /* NIDAQPlugin-Info.plist */,
				E105A21E15E6835A007F9F38 /* InfoPlist.strings */,
				E1690EAD15E6B71D007DFCEF /* NIDAQPlugin-Prefix.pch */,
			);
			name = "Supporting Files";
			sourceTree = "<group>";
		};
		E157464215F4F8210014089E /* Channels */ = {
			isa = PBXGroup;
			children = (
				E13DEB6415F7DCA600AC7480 /* NIDAQAnalogChannel.h */,
				E13DEB6315F7DCA600AC7480 /* NIDAQAnalogChannel.cpp */,
				E157464415F4F9010014089E /* NIDAQAnalogInputChannel.h */,
				E157464315F4F9010014089E /* NIDAQAnalogInputChannel.cpp */,
				E157463F15F4F6D20014089E /* NIDAQAnalogInputVoltageChannel.h */,
				E157463E15F4F6D20014089E /* NIDAQAnalogInputVoltageChannel.cpp */,
			);
			path = Channels;
			sourceTree = "<group>";
		};
		E179EE5915E7D71400CC1BED /* nidaqpluginhelper */ = {
			isa = PBXGroup;
			children = (
				E169B0B215ED50E700408B75 /* IPCRequestResponse.h */,
				E1A7226915EE4BD6006671AD /* HelperControlMessage.h */,
				E13DEB6215F7BB2100AC7480 /* HelperSharedMemory.h */,
				E157464615F50AAE0014089E /* NIDAQPluginHelperError.h */,
				E1A7227415EEA72C006671AD /* NIDAQPluginHelper.h */,
				E1A7227315EEA72C006671AD /* NIDAQPluginHelper.cpp */,
				E179EE5A15E7D71400CC1BED /* main.cpp */,
				E1CA0DD415EBC87B00EB6B60 /* Supporting Files */,
			);
			path = nidaqpluginhelper;
			sourceTree = "<group>";
		};
		E183169215E52F790028F623 /* nidaqapi */ = {
			isa = PBXGroup;
			children = (
				E1B3C56315E40FED000B0F8E /* NIDAQmxBaseAPI.h */,
				E183169015E51F940028F623 /* Types.h */,
				E196C54815E2C13200059BF2 /* Error.h */,
				E196C54715E2C13200059BF2 /* Error.cpp */,
				E196C54415E2BF7000059BF2 /* Device.h */,
				E196C54315E2BF7000059BF2 /* Device.cpp */,
				E183169315E52FB40028F623 /* Tasks */,
			);
			path = nidaqapi;
			sourceTree = "<group>";
		};
		E183169315E52FB40028F623 /* Tasks */ = {
			isa = PBXGroup;
			children = (
				E1B3C56015E3DFFA000B0F8E /* Task.h */,
				E1B3C55F15E3DFFA000B0F8E /* Task.cpp */,
				E183169515E540770028F623 /* AnalogInputTask.h */,
				E183169415E540770028F623 /* AnalogInputTask.cpp */,
				E1B3C56515E42252000B0F8E /* AnalogOutputTask.h */,
				E1B3C56415E42252000B0F8E /* AnalogOutputTask.cpp */,
			);
			path = Tasks;
			sourceTree = "<group>";
		};
		E196C52115E2AD3200059BF2 = {
			isa = PBXGroup;
			children = (
				E105A21115E67F73007F9F38 /* External Config */,
				E183169215E52F790028F623 /* nidaqapi */,
				E196C52F15E2AD3200059BF2 /* nidaqtest */,
				E179EE5915E7D71400CC1BED /* nidaqpluginhelper */,
				E105A21B15E6835A007F9F38 /* NIDAQPlugin */,
				E196C53B15E2B1FE00059BF2 /* Frameworks & Libraries */,
				E196C52D15E2AD3200059BF2 /* Products */,
			);
			sourceTree = "<group>";
		};
		E196C52D15E2AD3200059BF2 /* Products */ = {
			isa = PBXGroup;
			children = (
				E105A21815E6835A007F9F38 /* NIDAQPlugin.bundle */,
				E179EE5715E7D71400CC1BED /* MWNIDAQPluginHelper */,
				E196C52C15E2AD3200059BF2 /* nidaqtest */,
				E1CA0DDB15EBCA7200EB6B60 /* libnidaqapi.a */,
			);
			name = Products;
			sourceTree = "<group>";
		};
		E196C52F15E2AD3200059BF2 /* nidaqtest */ = {
			isa = PBXGroup;
			children = (
				E196C53015E2AD3200059BF2 /* main.cpp */,
			);
			path = nidaqtest;
			sourceTree = "<group>";
		};
		E196C53B15E2B1FE00059BF2 /* Frameworks & Libraries */ = {
			isa = PBXGroup;
			children = (
				E105A22415E68597007F9F38 /* MWorksCore.framework */,
				E196C53915E2B19200059BF2 /* nidaqmxbase.framework */,
				E196C53D15E2B59800059BF2 /* nidaqmxbaselv.framework */,
				E1A7226B15EE606B006671AD /* libcrypto.dylib */,
			);
			name = "Frameworks & Libraries";
			sourceTree = "<group>";
		};
		E1CA0DD415EBC87B00EB6B60 /* Supporting Files */ = {
			isa = PBXGroup;
			children = (
				E1CA0DD615EBC89B00EB6B60 /* nidaqpluginhelper-Prefix.pch */,
			);
			name = "Supporting Files";
			sourceTree = "<group>";
		};
/* End PBXGroup section */

/* Begin PBXHeadersBuildPhase section */
		E1CA0DD915EBCA7200EB6B60 /* Headers */ = {
			isa = PBXHeadersBuildPhase;
			buildActionMask = 2147483647;
			files = (
			);
			runOnlyForDeploymentPostprocessing = 0;
		};
/* End PBXHeadersBuildPhase section */

/* Begin PBXNativeTarget section */
		E105A21715E6835A007F9F38 /* NIDAQPlugin */ = {
			isa = PBXNativeTarget;
			buildConfigurationList = E105A22215E6835A007F9F38 /* Build configuration list for PBXNativeTarget "NIDAQPlugin" */;
			buildPhases = (
				E105A21415E6835A007F9F38 /* Sources */,
				E105A21515E6835A007F9F38 /* Frameworks */,
				E179EE7615E7DAEC00CC1BED /* CopyFiles */,
				E105A21615E6835A007F9F38 /* Resources */,
			);
			buildRules = (
			);
			dependencies = (
				E179EE7A15E7DB6100CC1BED /* PBXTargetDependency */,
			);
			name = NIDAQPlugin;
			productName = NIDAQPlugin;
			productReference = E105A21815E6835A007F9F38 /* NIDAQPlugin.bundle */;
			productType = "com.apple.product-type.bundle";
		};
		E179EE5615E7D71400CC1BED /* nidaqpluginhelper */ = {
			isa = PBXNativeTarget;
			buildConfigurationList = E179EE5F15E7D71400CC1BED /* Build configuration list for PBXNativeTarget "nidaqpluginhelper" */;
			buildPhases = (
				E179EE5315E7D71400CC1BED /* Sources */,
				E179EE5415E7D71400CC1BED /* Frameworks */,
			);
			buildRules = (
			);
			dependencies = (
				E13DEB6F15F7E78F00AC7480 /* PBXTargetDependency */,
			);
			name = nidaqpluginhelper;
			productName = nidaqpluginhelper;
			productReference = E179EE5715E7D71400CC1BED /* MWNIDAQPluginHelper */;
			productType = "com.apple.product-type.tool";
		};
		E196C52B15E2AD3200059BF2 /* nidaqtest */ = {
			isa = PBXNativeTarget;
			buildConfigurationList = E196C53615E2AD3200059BF2 /* Build configuration list for PBXNativeTarget "nidaqtest" */;
			buildPhases = (
				E196C52815E2AD3200059BF2 /* Sources */,
				E196C52915E2AD3200059BF2 /* Frameworks */,
			);
			buildRules = (
			);
			dependencies = (
				E13DEB6C15F7E78900AC7480 /* PBXTargetDependency */,
			);
			name = nidaqtest;
			productName = nidaqtest;
			productReference = E196C52C15E2AD3200059BF2 /* nidaqtest */;
			productType = "com.apple.product-type.tool";
		};
		E1CA0DDA15EBCA7200EB6B60 /* nidaqapi */ = {
			isa = PBXNativeTarget;
			buildConfigurationList = E1CA0DDC15EBCA7200EB6B60 /* Build configuration list for PBXNativeTarget "nidaqapi" */;
			buildPhases = (
				E1CA0DD715EBCA7200EB6B60 /* Sources */,
				E1CA0DD815EBCA7200EB6B60 /* Frameworks */,
				E1CA0DD915EBCA7200EB6B60 /* Headers */,
			);
			buildRules = (
			);
			dependencies = (
			);
			name = nidaqapi;
			productName = nidaqapi;
			productReference = E1CA0DDB15EBCA7200EB6B60 /* libnidaqapi.a */;
			productType = "com.apple.product-type.library.static";
		};
/* End PBXNativeTarget section */

/* Begin PBXProject section */
		E196C52315E2AD3200059BF2 /* Project object */ = {
			isa = PBXProject;
			attributes = {
				LastUpgradeCheck = 0440;
				ORGANIZATIONNAME = MIT;
			};
			buildConfigurationList = E196C52615E2AD3200059BF2 /* Build configuration list for PBXProject "NIDAQ" */;
			compatibilityVersion = "Xcode 3.2";
			developmentRegion = English;
			hasScannedForEncodings = 0;
			knownRegions = (
				en,
			);
			mainGroup = E196C52115E2AD3200059BF2;
			productRefGroup = E196C52D15E2AD3200059BF2 /* Products */;
			projectDirPath = "";
			projectRoot = "";
			targets = (
				E1690E7815E689CF007DFCEF /* Everything */,
				E1690E8315E69665007DFCEF /* Install NIDAQPlugin */,
				E105A21715E6835A007F9F38 /* NIDAQPlugin */,
				E179EE5615E7D71400CC1BED /* nidaqpluginhelper */,
				E196C52B15E2AD3200059BF2 /* nidaqtest */,
				E1CA0DDA15EBCA7200EB6B60 /* nidaqapi */,
			);
		};
/* End PBXProject section */

/* Begin PBXResourcesBuildPhase section */
		E105A21615E6835A007F9F38 /* Resources */ = {
			isa = PBXResourcesBuildPhase;
			buildActionMask = 2147483647;
			files = (
				E105A22015E6835A007F9F38 /* InfoPlist.strings in Resources */,
			);
			runOnlyForDeploymentPostprocessing = 0;
		};
/* End PBXResourcesBuildPhase section */

/* Begin PBXSourcesBuildPhase section */
		E105A21415E6835A007F9F38 /* Sources */ = {
			isa = PBXSourcesBuildPhase;
			buildActionMask = 2147483647;
			files = (
				E1690E8E15E69851007DFCEF /* NIDAQPlugin.cpp in Sources */,
				E1690E9915E6ADD4007DFCEF /* NIDAQDevice.cpp in Sources */,
				E157464015F4F6D20014089E /* NIDAQAnalogInputVoltageChannel.cpp in Sources */,
				E157464515F4F9010014089E /* NIDAQAnalogInputChannel.cpp in Sources */,
				E13DEB6515F7DCA600AC7480 /* NIDAQAnalogChannel.cpp in Sources */,
			);
			runOnlyForDeploymentPostprocessing = 0;
		};
		E179EE5315E7D71400CC1BED /* Sources */ = {
			isa = PBXSourcesBuildPhase;
			buildActionMask = 2147483647;
			files = (
				E179EE5B15E7D71400CC1BED /* main.cpp in Sources */,
				E1A7227515EEA72C006671AD /* NIDAQPluginHelper.cpp in Sources */,
			);
			runOnlyForDeploymentPostprocessing = 0;
		};
		E196C52815E2AD3200059BF2 /* Sources */ = {
			isa = PBXSourcesBuildPhase;
			buildActionMask = 2147483647;
			files = (
				E196C53115E2AD3200059BF2 /* main.cpp in Sources */,
			);
			runOnlyForDeploymentPostprocessing = 0;
		};
		E1CA0DD715EBCA7200EB6B60 /* Sources */ = {
			isa = PBXSourcesBuildPhase;
			buildActionMask = 2147483647;
			files = (
				E1CA0DDF15EBCB0800EB6B60 /* Error.cpp in Sources */,
				E1CA0DDE15EBCB0700EB6B60 /* Device.cpp in Sources */,
				E1CA0DE015EBCB0E00EB6B60 /* Task.cpp in Sources */,
				E1CA0DE215EBCB1300EB6B60 /* AnalogInputTask.cpp in Sources */,
				E1CA0DE115EBCB1100EB6B60 /* AnalogOutputTask.cpp in Sources */,
			);
			runOnlyForDeploymentPostprocessing = 0;
		};
/* End PBXSourcesBuildPhase section */

/* Begin PBXTargetDependency section */
		E13DEB6C15F7E78900AC7480 /* PBXTargetDependency */ = {
			isa = PBXTargetDependency;
			target = E1CA0DDA15EBCA7200EB6B60 /* nidaqapi */;
			targetProxy = E13DEB6B15F7E78900AC7480 /* PBXContainerItemProxy */;
		};
		E13DEB6F15F7E78F00AC7480 /* PBXTargetDependency */ = {
			isa = PBXTargetDependency;
			target = E1CA0DDA15EBCA7200EB6B60 /* nidaqapi */;
			targetProxy = E13DEB6E15F7E78F00AC7480 /* PBXContainerItemProxy */;
		};
		E1690E8715E69673007DFCEF /* PBXTargetDependency */ = {
			isa = PBXTargetDependency;
			target = E105A21715E6835A007F9F38 /* NIDAQPlugin */;
			targetProxy = E1690E8615E69673007DFCEF /* PBXContainerItemProxy */;
		};
		E1690E8B15E69691007DFCEF /* PBXTargetDependency */ = {
			isa = PBXTargetDependency;
			target = E1690E8315E69665007DFCEF /* Install NIDAQPlugin */;
			targetProxy = E1690E8A15E69691007DFCEF /* PBXContainerItemProxy */;
		};
		E179EE7A15E7DB6100CC1BED /* PBXTargetDependency */ = {
			isa = PBXTargetDependency;
			target = E179EE5615E7D71400CC1BED /* nidaqpluginhelper */;
			targetProxy = E179EE7915E7DB6100CC1BED /* PBXContainerItemProxy */;
		};
/* End PBXTargetDependency section */

/* Begin PBXVariantGroup section */
		E105A21E15E6835A007F9F38 /* InfoPlist.strings */ = {
			isa = PBXVariantGroup;
			children = (
				E105A21F15E6835A007F9F38 /* en */,
			);
			name = InfoPlist.strings;
			sourceTree = "<group>";
		};
/* End PBXVariantGroup section */

/* Begin XCBuildConfiguration section */
		E105A22315E6835A007F9F38 /* Development */ = {
			isa = XCBuildConfiguration;
			buildSettings = {
				GCC_PRECOMPILE_PREFIX_HEADER = YES;
				GCC_PREFIX_HEADER = "NIDAQPlugin/NIDAQPlugin-Prefix.pch";
				GCC_PREPROCESSOR_DEFINITIONS = (
					"PLUGIN_HELPERS_DIR=\\\"\"$(PLUGIN_HELPERS_DIR)\"\\\"",
					"PLUGIN_HELPER_EXECUTABLE=\\\"$(PLUGIN_HELPER_EXECUTABLE)\\\"",
				);
				INFOPLIST_FILE = "NIDAQPlugin/NIDAQPlugin-Info.plist";
				PLUGIN_HELPERS_DIR = "$(PLUGINS_DIR)/$(PRODUCT_NAME).$(WRAPPER_EXTENSION)/Contents/Helpers";
				PLUGIN_HELPER_EXECUTABLE = MWNIDAQPluginHelper;
				PRODUCT_NAME = "$(TARGET_NAME)";
				WRAPPER_EXTENSION = bundle;
			};
			name = Development;
		};
		E1690E7915E689CF007DFCEF /* Development */ = {
			isa = XCBuildConfiguration;
			buildSettings = {
				PRODUCT_NAME = "$(TARGET_NAME)";
			};
			name = Development;
		};
		E1690E8515E69665007DFCEF /* Development */ = {
			isa = XCBuildConfiguration;
			buildSettings = {
				PRODUCT_NAME = "$(TARGET_NAME)";
			};
			name = Development;
		};
		E179EE5E15E7D71400CC1BED /* Development */ = {
			isa = XCBuildConfiguration;
			buildSettings = {
				ARCHS = "$(ARCHS_STANDARD_32_BIT)";
				GCC_PRECOMPILE_PREFIX_HEADER = YES;
				GCC_PREFIX_HEADER = "nidaqpluginhelper/nidaqpluginhelper-Prefix.pch";
				PRODUCT_NAME = MWNIDAQPluginHelper;
			};
			name = Development;
		};
		E196C53415E2AD3200059BF2 /* Development */ = {
			isa = XCBuildConfiguration;
			baseConfigurationReference = E105A21215E67FEB007F9F38 /* Development.xcconfig */;
			buildSettings = {
				FRAMEWORK_SEARCH_PATHS = /Library/Frameworks;
				GCC_WARN_UNUSED_VARIABLE = YES;
				HEADER_SEARCH_PATHS = (
					"\"/Applications/National Instruments/NI-DAQmx Base/includes\"",
					"$(MW_INCLUDE_DIR)",
				);
				WARNING_CFLAGS = "-Wreorder";
			};
			name = Development;
		};
		E196C53715E2AD3200059BF2 /* Development */ = {
			isa = XCBuildConfiguration;
			buildSettings = {
				ARCHS = "$(ARCHS_STANDARD_32_BIT)";
				PRODUCT_NAME = "$(TARGET_NAME)";
			};
			name = Development;
		};
		E1CA0DDD15EBCA7200EB6B60 /* Development */ = {
			isa = XCBuildConfiguration;
			buildSettings = {
				ARCHS = "$(ARCHS_STANDARD_32_BIT)";
				EXECUTABLE_PREFIX = lib;
				PRODUCT_NAME = "$(TARGET_NAME)";
			};
			name = Development;
		};
/* End XCBuildConfiguration section */

/* Begin XCConfigurationList section */
		E105A22215E6835A007F9F38 /* Build configuration list for PBXNativeTarget "NIDAQPlugin" */ = {
			isa = XCConfigurationList;
			buildConfigurations = (
				E105A22315E6835A007F9F38 /* Development */,
			);
			defaultConfigurationIsVisible = 0;
			defaultConfigurationName = Development;
		};
		E1690E7A15E689CF007DFCEF /* Build configuration list for PBXAggregateTarget "Everything" */ = {
			isa = XCConfigurationList;
			buildConfigurations = (
				E1690E7915E689CF007DFCEF /* Development */,
			);
			defaultConfigurationIsVisible = 0;
			defaultConfigurationName = Development;
		};
		E1690E8415E69665007DFCEF /* Build configuration list for PBXAggregateTarget "Install NIDAQPlugin" */ = {
			isa = XCConfigurationList;
			buildConfigurations = (
				E1690E8515E69665007DFCEF /* Development */,
			);
			defaultConfigurationIsVisible = 0;
			defaultConfigurationName = Development;
		};
		E179EE5F15E7D71400CC1BED /* Build configuration list for PBXNativeTarget "nidaqpluginhelper" */ = {
			isa = XCConfigurationList;
			buildConfigurations = (
				E179EE5E15E7D71400CC1BED /* Development */,
			);
			defaultConfigurationIsVisible = 0;
			defaultConfigurationName = Development;
		};
		E196C52615E2AD3200059BF2 /* Build configuration list for PBXProject "NIDAQ" */ = {
			isa = XCConfigurationList;
			buildConfigurations = (
				E196C53415E2AD3200059BF2 /* Development */,
			);
			defaultConfigurationIsVisible = 0;
			defaultConfigurationName = Development;
		};
		E196C53615E2AD3200059BF2 /* Build configuration list for PBXNativeTarget "nidaqtest" */ = {
			isa = XCConfigurationList;
			buildConfigurations = (
				E196C53715E2AD3200059BF2 /* Development */,
			);
			defaultConfigurationIsVisible = 0;
			defaultConfigurationName = Development;
		};
		E1CA0DDC15EBCA7200EB6B60 /* Build configuration list for PBXNativeTarget "nidaqapi" */ = {
			isa = XCConfigurationList;
			buildConfigurations = (
				E1CA0DDD15EBCA7200EB6B60 /* Development */,
			);
			defaultConfigurationIsVisible = 0;
			defaultConfigurationName = Development;
		};
/* End XCConfigurationList section */
	};
	rootObject = E196C52315E2AD3200059BF2 /* Project object */;
}
